
Microsoft Visual Studio Solution File, Format Version 12.00
# Visual Studio Version 17
VisualStudioVersion = 17.8.34728.176
MinimumVisualStudioVersion = 10.0.40219.1
Project("{FAE04EC0-301F-11D3-BF4B-00C04F79EFBC}") = "HTApi", "HTApi\HTApi.csproj", "{C43F7B77-A7D0-462B-AB15-57B0C7D31931}"
EndProject
Global
	GlobalSection(SolutionConfigurationPlatforms) = preSolution
		Debug|Any CPU = Debug|Any CPU
		Release|Any CPU = Release|Any CPU
	EndGlobalSection
	GlobalSection(ProjectConfigurationPlatforms) = postSolution
		{C43F7B77-A7D0-462B-AB15-57B0C7D31931}.Debug|Any CPU.ActiveCfg = Debug|Any CPU
		{C43F7B77-A7D0-462B-AB15-57B0C7D31931}.Debug|Any CPU.Build.0 = Debug|Any CPU
		{C43F7B77-A7D0-462B-AB15-57B0C7D31931}.Release|Any CPU.ActiveCfg = Release|Any CPU
		{C43F7B77-A7D0-462B-AB15-57B0C7D31931}.Release|Any CPU.Build.0 = Release|Any CPU
	EndGlobalSection
	GlobalSection(SolutionProperties) = preSolution
		HideSolutionNode = FALSE
	EndGlobalSection
	GlobalSection(ExtensibilityGlobals) = postSolution
		SolutionGuid = {0455D613-17DE-4938-940A-C3223B71E7DB}
	EndGlobalSection
EndGlobal
